Microsoft Visual Studio Solution File, Format Version 12.00
# Visual Studio Version 17
VisualStudioVersion = 17.5.2.0
MinimumVisualStudioVersion = 10.0.40219.1
Project("{FAE04EC0-301F-11D3-BF4B-00C04F79EFBC}") = "SpiderGame", "SpiderGame\SpiderGame.csproj", "{0C6B27CC-7756-8D48-4C91-3E8FE0AB5B06}"
EndProject
Global
	GlobalSection(SolutionConfigurationPlatforms) = preSolution
		Debug|Any CPU = Debug|Any CPU
		Release|Any CPU = Release|Any CPU
	EndGlobalSection
	GlobalSection(ProjectConfigurationPlatforms) = postSolution
		{0C6B27CC-7756-8D48-4C91-3E8FE0AB5B06}.Debug|Any CPU.ActiveCfg = Debug|Any CPU
		{0C6B27CC-7756-8D48-4C91-3E8FE0AB5B06}.Debug|Any CPU.Build.0 = Debug|Any CPU
		{0C6B27CC-7756-8D48-4C91-3E8FE0AB5B06}.Release|Any CPU.ActiveCfg = Release|Any CPU
		{0C6B27CC-7756-8D48-4C91-3E8FE0AB5B06}.Release|Any CPU.Build.0 = Release|Any CPU
	EndGlobalSection
	GlobalSection(SolutionProperties) = preSolution
		HideSolutionNode = FALSE
	EndGlobalSection
	GlobalSection(ExtensibilityGlobals) = postSolution
		SolutionGuid = {BD4FCF10-C623-4CC1-8988-E5378EC823A1}
	EndGlobalSection
EndGlobal
